{
  "name": "btp-fn-plotter",
  "version": "1.0.2",
  "lockfileVersion": 1,
  "requires": true,
  "dependencies": {
    "built-in-math-eval": {
      "version": "0.3.0",
      "resolved": "https://registry.npmjs.org/built-in-math-eval/-/built-in-math-eval-0.3.0.tgz",
      "integrity": "sha1-JA3CHLOJQ5WIxhxGDrAHZJfvxBw=",
      "requires": {
        "math-codegen": "^0.3.5"
      }
    },
    "clamp": {
      "version": "1.0.1",
      "resolved": "https://registry.npmjs.org/clamp/-/clamp-1.0.1.tgz",
      "integrity": "sha1-ZqDmQBGBbjcZaCj9yMjBRzEshjQ="
    },
    "d3-array": {
      "version": "2.8.0",
      "resolved": "https://registry.npmjs.org/d3-array/-/d3-array-2.8.0.tgz",
      "integrity": "sha512-6V272gsOeg7+9pTW1jSYOR1QE37g95I3my1hBmY+vOUNHRrk9yt4OTz/gK7PMkVAVDrYYq4mq3grTiZ8iJdNIw=="
    },
    "d3-axis": {
      "version": "2.0.0",
      "resolved": "https://registry.npmjs.org/d3-axis/-/d3-axis-2.0.0.tgz",
      "integrity": "sha512-9nzB0uePtb+u9+dWir+HTuEAKJOEUYJoEwbJPsZ1B4K3iZUgzJcSENQ05Nj7S4CIfbZZ8/jQGoUzGKFznBhiiQ=="
    },
    "d3-color": {
      "version": "2.0.0",
      "resolved": "https://registry.npmjs.org/d3-color/-/d3-color-2.0.0.tgz",
      "integrity": "sha512-SPXi0TSKPD4g9tw0NMZFnR95XVgUZiBH+uUTqQuDu1OsE2zomHU7ho0FISciaPvosimixwHFl3WHLGabv6dDgQ=="
    },
    "d3-dispatch": {
      "version": "2.0.0",
      "resolved": "https://registry.npmjs.org/d3-dispatch/-/d3-dispatch-2.0.0.tgz",
      "integrity": "sha512-S/m2VsXI7gAti2pBoLClFFTMOO1HTtT0j99AuXLoGFKO6deHDdnv6ZGTxSTTUTgO1zVcv82fCOtDjYK4EECmWA=="
    },
    "d3-drag": {
      "version": "2.0.0",
      "resolved": "https://registry.npmjs.org/d3-drag/-/d3-drag-2.0.0.tgz",
      "integrity": "sha512-g9y9WbMnF5uqB9qKqwIIa/921RYWzlUDv9Jl1/yONQwxbOfszAWTCm8u7HOTgJgRDXiRZN56cHT9pd24dmXs8w==",
      "requires": {
        "d3-dispatch": "1 - 2",
        "d3-selection": "2"
      }
    },
    "d3-ease": {
      "version": "2.0.0",
      "resolved": "https://registry.npmjs.org/d3-ease/-/d3-ease-2.0.0.tgz",
      "integrity": "sha512-68/n9JWarxXkOWMshcT5IcjbB+agblQUaIsbnXmrzejn2O82n3p2A9R2zEB9HIEFWKFwPAEDDN8gR0VdSAyyAQ=="
    },
    "d3-format": {
      "version": "2.0.0",
      "resolved": "https://registry.npmjs.org/d3-format/-/d3-format-2.0.0.tgz",
      "integrity": "sha512-Ab3S6XuE/Q+flY96HXT0jOXcM4EAClYFnRGY5zsjRGNy6qCYrQsMffs7cV5Q9xejb35zxW5hf/guKw34kvIKsA=="
    },
    "d3-interpolate": {
      "version": "2.0.1",
      "resolved": "https://registry.npmjs.org/d3-interpolate/-/d3-interpolate-2.0.1.tgz",
      "integrity": "sha512-c5UhwwTs/yybcmTpAVqwSFl6vrQ8JZJoT5F7xNFK9pymv5C0Ymcc9/LIJHtYIggg/yS9YHw8i8O8tgb9pupjeQ==",
      "requires": {
        "d3-color": "1 - 2"
      }
    },
    "d3-path": {
      "version": "2.0.0",
      "resolved": "https://registry.npmjs.org/d3-path/-/d3-path-2.0.0.tgz",
      "integrity": "sha512-ZwZQxKhBnv9yHaiWd6ZU4x5BtCQ7pXszEV9CU6kRgwIQVQGLMv1oiL4M+MK/n79sYzsj+gcgpPQSctJUsLN7fA=="
    },
    "d3-scale": {
      "version": "3.2.3",
      "resolved": "https://registry.npmjs.org/d3-scale/-/d3-scale-3.2.3.tgz",
      "integrity": "sha512-8E37oWEmEzj57bHcnjPVOBS3n4jqakOeuv1EDdQSiSrYnMCBdMd3nc4HtKk7uia8DUHcY/CGuJ42xxgtEYrX0g==",
      "requires": {
        "d3-array": "^2.3.0",
        "d3-format": "1 - 2",
        "d3-interpolate": "1.2.0 - 2",
        "d3-time": "1 - 2",
        "d3-time-format": "2 - 3"
      }
    },
    "d3-selection": {
      "version": "2.0.0",
      "resolved": "https://registry.npmjs.org/d3-selection/-/d3-selection-2.0.0.tgz",
      "integrity": "sha512-XoGGqhLUN/W14NmaqcO/bb1nqjDAw5WtSYb2X8wiuQWvSZUsUVYsOSkOybUrNvcBjaywBdYPy03eXHMXjk9nZA=="
    },
    "d3-shape": {
      "version": "2.0.0",
      "resolved": "https://registry.npmjs.org/d3-shape/-/d3-shape-2.0.0.tgz",
      "integrity": "sha512-djpGlA779ua+rImicYyyjnOjeubyhql1Jyn1HK0bTyawuH76UQRWXd+pftr67H6Fa8hSwetkgb/0id3agKWykw==",
      "requires": {
        "d3-path": "1 - 2"
      }
    },
    "d3-time": {
      "version": "2.0.0",
      "resolved": "https://registry.npmjs.org/d3-time/-/d3-time-2.0.0.tgz",
      "integrity": "sha512-2mvhstTFcMvwStWd9Tj3e6CEqtOivtD8AUiHT8ido/xmzrI9ijrUUihZ6nHuf/vsScRBonagOdj0Vv+SEL5G3Q=="
    },
    "d3-time-format": {
      "version": "3.0.0",
      "resolved": "https://registry.npmjs.org/d3-time-format/-/d3-time-format-3.0.0.tgz",
      "integrity": "sha512-UXJh6EKsHBTjopVqZBhFysQcoXSv/5yLONZvkQ5Kk3qbwiUYkdX17Xa1PT6U1ZWXGGfB1ey5L8dKMlFq2DO0Ag==",
      "requires": {
        "d3-time": "1 - 2"
      }
    },
    "d3-timer": {
      "version": "2.0.0",
      "resolved": "https://registry.npmjs.org/d3-timer/-/d3-timer-2.0.0.tgz",
      "integrity": "sha512-TO4VLh0/420Y/9dO3+f9abDEFYeCUr2WZRlxJvbp4HPTQcSylXNiL6yZa9FIUvV1yRiFufl1bszTCLDqv9PWNA=="
    },
    "d3-transition": {
      "version": "2.0.0",
      "resolved": "https://registry.npmjs.org/d3-transition/-/d3-transition-2.0.0.tgz",
      "integrity": "sha512-42ltAGgJesfQE3u9LuuBHNbGrI/AJjNL2OAUdclE70UE6Vy239GCBEYD38uBPoLeNsOhFStGpPI0BAOV+HMxog==",
      "requires": {
        "d3-color": "1 - 2",
        "d3-dispatch": "1 - 2",
        "d3-ease": "1 - 2",
        "d3-interpolate": "1 - 2",
        "d3-timer": "1 - 2"
      }
    },
    "d3-zoom": {
      "version": "2.0.0",
      "resolved": "https://registry.npmjs.org/d3-zoom/-/d3-zoom-2.0.0.tgz",
      "integrity": "sha512-fFg7aoaEm9/jf+qfstak0IYpnesZLiMX6GZvXtUSdv8RH2o4E2qeelgdU09eKS6wGuiGMfcnMI0nTIqWzRHGpw==",
      "requires": {
        "d3-dispatch": "1 - 2",
        "d3-drag": "2",
        "d3-interpolate": "1 - 2",
        "d3-selection": "2",
        "d3-transition": "2"
      }
    },
    "double-bits": {
      "version": "1.1.1",
      "resolved": "https://registry.npmjs.org/double-bits/-/double-bits-1.1.1.tgz",
      "integrity": "sha1-WKu6RUlNpND6Nrc60RoobJGEscY="
    },
    "extend": {
      "version": "3.0.2",
      "resolved": "https://registry.npmjs.org/extend/-/extend-3.0.2.tgz",
      "integrity": "sha512-fjquC59cD7CyW6urNXK0FBufkZcoiGG80wTuPujX590cB5Ttln20E2UB4S/WARVqhXffZl2LNgS+gQdPIIim/g=="
    },
    "function-plot": {
      "version": "1.22.2",
      "resolved": "https://registry.npmjs.org/function-plot/-/function-plot-1.22.2.tgz",
      "integrity": "sha512-eilZD3CuzR1jQ52hKa8Vu2PhMfIeBROtg+iSf0s+hTVmWI3+2e5KQk87AJKAeHdzWSnHqhADfgnQoWPmm05EDw==",
      "requires": {
        "built-in-math-eval": "^0.3.0",
        "clamp": "^1.0.1",
        "d3-axis": "^2.0.0",
        "d3-color": "^2.0.0",
        "d3-format": "^2.0.0",
        "d3-interpolate": "^2.0.1",
        "d3-scale": "^3.2.2",
        "d3-selection": "^2.0.0",
        "d3-shape": "^2.0.0",
        "d3-zoom": "^2.0.0",
        "interval-arithmetic-eval": "^0.4.6",
        "linspace": "1.0.0",
        "log10": "^1.0.0",
        "logspace": "1.0.1"
      }
    },
    "interval-arithmetic": {
      "version": "0.6.10",
      "resolved": "https://registry.npmjs.org/interval-arithmetic/-/interval-arithmetic-0.6.10.tgz",
      "integrity": "sha512-fnwnv0KgRuhHNoTGga5vPHypW0iypRpRPpejsevskM03uX4/A7Ph1C9IdDMHRyQwppchBNDxmcBWxiHrIc1ktA==",
      "requires": {
        "is-safe-integer": "^1.0.1",
        "nextafter": "^1.0.0",
        "typedarray": "0.0.6",
        "xtend": "^4.0.1"
      }
    },
    "interval-arithmetic-eval": {
      "version": "0.4.6",
      "resolved": "https://registry.npmjs.org/interval-arithmetic-eval/-/interval-arithmetic-eval-0.4.6.tgz",
      "integrity": "sha1-fhRkA8PIHLE4v9pnyQKMc+vtyPk=",
      "requires": {
        "interval-arithmetic": "^0.6.6",
        "math-codegen": "^0.3.5"
      }
    },
    "is-finite": {
      "version": "1.1.0",
      "resolved": "https://registry.npmjs.org/is-finite/-/is-finite-1.1.0.tgz",
      "integrity": "sha512-cdyMtqX/BOqqNBBiKlIVkytNHm49MtMlYyn1zxzvJKWmFMlGzm+ry5BBfYyeY9YmNKbRSo/o7OX9w9ale0wg3w=="
    },
    "is-safe-integer": {
      "version": "1.0.2",
      "resolved": "https://registry.npmjs.org/is-safe-integer/-/is-safe-integer-1.0.2.tgz",
      "integrity": "sha1-yi3gJR9WRAj512MMKOLgLOGOoKo=",
      "requires": {
        "max-safe-integer": "^1.0.0"
      }
    },
    "linspace": {
      "version": "1.0.0",
      "resolved": "https://registry.npmjs.org/linspace/-/linspace-1.0.0.tgz",
      "integrity": "sha1-N9ShIpRe0/ytQAnCofiCTAHCJs8=",
      "requires": {
        "lodash.range": "3.1.7"
      }
    },
    "lodash.range": {
      "version": "3.1.7",
      "resolved": "https://registry.npmjs.org/lodash.range/-/lodash.range-3.1.7.tgz",
      "integrity": "sha1-CueQAGngGNtEs/clW16488ridWI="
    },
    "log10": {
      "version": "1.0.1",
      "resolved": "https://registry.npmjs.org/log10/-/log10-1.0.1.tgz",
      "integrity": "sha1-sPxkZXxu+8mTSQ7aqn0w5qUgu+c=",
      "requires": {
        "is-finite": "^1.0.1"
      }
    },
    "logspace": {
      "version": "1.0.1",
      "resolved": "https://registry.npmjs.org/logspace/-/logspace-1.0.1.tgz",
      "integrity": "sha1-boPzOw7Z9oMYtfITBC0XSpRQm6U=",
      "requires": {
        "linspace": "1.0.0"
      }
    },
    "math-codegen": {
      "version": "0.3.5",
      "resolved": "https://registry.npmjs.org/math-codegen/-/math-codegen-0.3.5.tgz",
      "integrity": "sha1-R5nuRnfe0Ud2bQA8ykt4ee3UDMo=",
      "requires": {
        "extend": "^3.0.0",
        "mr-parser": "^0.2.1"
      }
    },
    "max-safe-integer": {
      "version": "1.0.1",
      "resolved": "https://registry.npmjs.org/max-safe-integer/-/max-safe-integer-1.0.1.tgz",
      "integrity": "sha1-84BgvixWPYwC5tSK85Ei/YO29BA="
    },
    "mr-parser": {
      "version": "0.2.1",
      "resolved": "https://registry.npmjs.org/mr-parser/-/mr-parser-0.2.1.tgz",
      "integrity": "sha1-hhi5ukF+KOn0OaQcaVtVTq/u2Sc="
    },
    "nextafter": {
      "version": "1.0.0",
      "resolved": "https://registry.npmjs.org/nextafter/-/nextafter-1.0.0.tgz",
      "integrity": "sha1-t9d7U1MQ4+CX5gJauwqQNHfsGjo=",
      "requires": {
        "double-bits": "^1.1.0"
      }
    },
    "typedarray": {
      "version": "0.0.6",
      "resolved": "https://registry.npmjs.org/typedarray/-/typedarray-0.0.6.tgz",
      "integrity": "sha1-hnrHTjhkGHsdPUfZlqeOxciDB3c="
    },
    "xtend": {
      "version": "4.0.2",
      "resolved": "https://registry.npmjs.org/xtend/-/xtend-4.0.2.tgz",
      "integrity": "sha512-LKYU1iAXJXUgAXn9URjiu+MWhyUXHsvfp7mcuYm9dSUKK0/CjtrUwFAxD82/mCWbtLsGjFIad0wIsod4zrTAEQ=="
    }
  }
}
